// !$*UTF8*$!
{
	archiveVersion = 1;
	classes = {
	};
	objectVersion = 50;
	objects = {

/* Begin PBXBuildFile section */
		F61180DA2657F8A5001FF7E8 /* FriendsViewController.swift in Sources */ = {isa = PBXBuildFile; fileRef = F61180D92657F8A5001FF7E8 /* FriendsViewController.swift */; };
		F6171490266E462200F1930C /* FriendsTableViewCell.swift in Sources */ = {isa = PBXBuildFile; fileRef = F617148F266E462200F1930C /* FriendsTableViewCell.swift */; };
		F6171494266ED6C500F1930C /* ViewRepresenation.swift in Sources */ = {isa = PBXBuildFile; fileRef = F6171493266ED6C500F1930C /* ViewRepresenation.swift */; };
		F6234D8B266408A000F5CE0F /* Places.swift in Sources */ = {isa = PBXBuildFile; fileRef = F6234D8A266408A000F5CE0F /* Places.swift */; };
		F642C6C92653B9FB00056550 /* AppDelegate.swift in Sources */ = {isa = PBXBuildFile; fileRef = F642C6C82653B9FB00056550 /* AppDelegate.swift */; };
		F642C6CB2653B9FB00056550 /* SceneDelegate.swift in Sources */ = {isa = PBXBuildFile; fileRef = F642C6CA2653B9FB00056550 /* SceneDelegate.swift */; };
		F642C6CD2653B9FB00056550 /* ViewController.swift in Sources */ = {isa = PBXBuildFile; fileRef = F642C6CC2653B9FB00056550 /* ViewController.swift */; };
		F642C6D02653B9FB00056550 /* Main.storyboard in Resources */ = {isa = PBXBuildFile; fileRef = F642C6CE2653B9FB00056550 /* Main.storyboard */; };
		F642C6D22653B9FF00056550 /* Assets.xcassets in Resources */ = {isa = PBXBuildFile; fileRef = F642C6D12653B9FF00056550 /* Assets.xcassets */; };
		F642C6D52653B9FF00056550 /* LaunchScreen.storyboard in Resources */ = {isa = PBXBuildFile; fileRef = F642C6D32653B9FF00056550 /* LaunchScreen.storyboard */; };
		F642C6EA2653DDF100056550 /* Roboto-Thin.ttf in Resources */ = {isa = PBXBuildFile; fileRef = F642C6DE2653DDEF00056550 /* Roboto-Thin.ttf */; };
		F642C6EB2653DDF100056550 /* Roboto-ThinItalic.ttf in Resources */ = {isa = PBXBuildFile; fileRef = F642C6DF2653DDEF00056550 /* Roboto-ThinItalic.ttf */; };
		F642C6EC2653DDF100056550 /* Roboto-MediumItalic.ttf in Resources */ = {isa = PBXBuildFile; fileRef = F642C6E02653DDF000056550 /* Roboto-MediumItalic.ttf */; };
		F642C6ED2653DDF100056550 /* Roboto-Black.ttf in Resources */ = {isa = PBXBuildFile; fileRef = F642C6E12653DDF000056550 /* Roboto-Black.ttf */; };
		F642C6EE2653DDF100056550 /* Roboto-Regular.ttf in Resources */ = {isa = PBXBuildFile; fileRef = F642C6E22653DDF000056550 /* Roboto-Regular.ttf */; };
		F642C6EF2653DDF200056550 /* Roboto-BoldItalic.ttf in Resources */ = {isa = PBXBuildFile; fileRef = F642C6E32653DDF000056550 /* Roboto-BoldItalic.ttf */; };
		F642C6F02653DDF200056550 /* Roboto-Light.ttf in Resources */ = {isa = PBXBuildFile; fileRef = F642C6E42653DDF000056550 /* Roboto-Light.ttf */; };
		F642C6F12653DDF200056550 /* Roboto-Italic.ttf in Resources */ = {isa = PBXBuildFile; fileRef = F642C6E52653DDF000056550 /* Roboto-Italic.ttf */; };
		F642C6F22653DDF200056550 /* Roboto-BlackItalic.ttf in Resources */ = {isa = PBXBuildFile; fileRef = F642C6E62653DDF100056550 /* Roboto-BlackItalic.ttf */; };
		F642C6F32653DDF200056550 /* Roboto-Bold.ttf in Resources */ = {isa = PBXBuildFile; fileRef = F642C6E72653DDF100056550 /* Roboto-Bold.ttf */; };
		F642C6F42653DDF200056550 /* Roboto-LightItalic.ttf in Resources */ = {isa = PBXBuildFile; fileRef = F642C6E82653DDF100056550 /* Roboto-LightItalic.ttf */; };
		F642C6F52653DDF200056550 /* Roboto-Medium.ttf in Resources */ = {isa = PBXBuildFile; fileRef = F642C6E92653DDF100056550 /* Roboto-Medium.ttf */; };
		F642C71126540C4A00056550 /* SFUIText-BoldG3.otf in Resources */ = {isa = PBXBuildFile; fileRef = F642C6FA26540C4600056550 /* SFUIText-BoldG3.otf */; };
		F642C71226540C4A00056550 /* SFUIText-Medium.otf in Resources */ = {isa = PBXBuildFile; fileRef = F642C6FB26540C4700056550 /* SFUIText-Medium.otf */; };
		F642C71326540C4A00056550 /* SFUIText-MediumItalic.otf in Resources */ = {isa = PBXBuildFile; fileRef = F642C6FC26540C4700056550 /* SFUIText-MediumItalic.otf */; };
		F642C71426540C4A00056550 /* SFUIText-ItalicG1.otf in Resources */ = {isa = PBXBuildFile; fileRef = F642C6FD26540C4700056550 /* SFUIText-ItalicG1.otf */; };
		F642C71526540C4A00056550 /* SFUIText-BoldItalicG3.otf in Resources */ = {isa = PBXBuildFile; fileRef = F642C6FE26540C4700056550 /* SFUIText-BoldItalicG3.otf */; };
		F642C71626540C4A00056550 /* SFUIText-RegularG1.otf in Resources */ = {isa = PBXBuildFile; fileRef = F642C6FF26540C4700056550 /* SFUIText-RegularG1.otf */; };
		F642C71726540C4A00056550 /* SFUIText-RegularG3.otf in Resources */ = {isa = PBXBuildFile; fileRef = F642C70026540C4700056550 /* SFUIText-RegularG3.otf */; };
		F642C71826540C4A00056550 /* SFUIText-BoldG2.otf in Resources */ = {isa = PBXBuildFile; fileRef = F642C70126540C4800056550 /* SFUIText-BoldG2.otf */; };
		F642C71926540C4A00056550 /* SFUIText-Bold.otf in Resources */ = {isa = PBXBuildFile; fileRef = F642C70226540C4800056550 /* SFUIText-Bold.otf */; };
		F642C71A26540C4A00056550 /* SFUIText-ItalicG2.otf in Resources */ = {isa = PBXBuildFile; fileRef = F642C70326540C4800056550 /* SFUIText-ItalicG2.otf */; };
		F642C71B26540C4A00056550 /* SFUIText-LightItalic.otf in Resources */ = {isa = PBXBuildFile; fileRef = F642C70426540C4800056550 /* SFUIText-LightItalic.otf */; };
		F642C71C26540C4A00056550 /* SFUIText-ItalicG3.otf in Resources */ = {isa = PBXBuildFile; fileRef = F642C70526540C4800056550 /* SFUIText-ItalicG3.otf */; };
		F642C71D26540C4A00056550 /* SFUIText-Semibold.otf in Resources */ = {isa = PBXBuildFile; fileRef = F642C70626540C4800056550 /* SFUIText-Semibold.otf */; };
		F642C71E26540C4A00056550 /* SFUIText-Heavy.otf in Resources */ = {isa = PBXBuildFile; fileRef = F642C70726540C4800056550 /* SFUIText-Heavy.otf */; };
		F642C71F26540C4A00056550 /* SFUIText-HeavyItalic.otf in Resources */ = {isa = PBXBuildFile; fileRef = F642C70826540C4800056550 /* SFUIText-HeavyItalic.otf */; };
		F642C72026540C4A00056550 /* SFUIText-BoldItalicG2.otf in Resources */ = {isa = PBXBuildFile; fileRef = F642C70926540C4900056550 /* SFUIText-BoldItalicG2.otf */; };
		F642C72126540C4A00056550 /* SFUIText-Regular.otf in Resources */ = {isa = PBXBuildFile; fileRef = F642C70A26540C4900056550 /* SFUIText-Regular.otf */; };
		F642C72226540C4A00056550 /* SFUIText-SemiboldItalic.otf in Resources */ = {isa = PBXBuildFile; fileRef = F642C70B26540C4900056550 /* SFUIText-SemiboldItalic.otf */; };
		F642C72326540C4A00056550 /* SFUIText-RegularG2.otf in Resources */ = {isa = PBXBuildFile; fileRef = F642C70C26540C4900056550 /* SFUIText-RegularG2.otf */; };
		F642C72426540C4A00056550 /* SFUIText-BoldItalicG1.otf in Resources */ = {isa = PBXBuildFile; fileRef = F642C70D26540C4900056550 /* SFUIText-BoldItalicG1.otf */; };
		F642C72526540C4A00056550 /* SFUIText-Light.otf in Resources */ = {isa = PBXBuildFile; fileRef = F642C70E26540C4900056550 /* SFUIText-Light.otf */; };
		F642C72626540C4A00056550 /* SFUIText-Italic.otf in Resources */ = {isa = PBXBuildFile; fileRef = F642C70F26540C4900056550 /* SFUIText-Italic.otf */; };
		F642C72726540C4A00056550 /* SFUIText-BoldG1.otf in Resources */ = {isa = PBXBuildFile; fileRef = F642C71026540C4A00056550 /* SFUIText-BoldG1.otf */; };
		F651634A26714F34009643C0 /* FriendsPost.swift in Sources */ = {isa = PBXBuildFile; fileRef = F651634926714F34009643C0 /* FriendsPost.swift */; };
		F651634C26725171009643C0 /* PlaceViewController.swift in Sources */ = {isa = PBXBuildFile; fileRef = F651634B26725171009643C0 /* PlaceViewController.swift */; };
		F6705CF6265C62FD007A2B50 /* ShadowView.swift in Sources */ = {isa = PBXBuildFile; fileRef = F6705CF5265C62FD007A2B50 /* ShadowView.swift */; };
		F6705CFD265D8CE6007A2B50 /* HomeViewController.swift in Sources */ = {isa = PBXBuildFile; fileRef = F6705CFC265D8CE6007A2B50 /* HomeViewController.swift */; };
		F67AF0EF2680C4F8005861F7 /* FriendsStoriesCollectionViewCell.swift in Sources */ = {isa = PBXBuildFile; fileRef = F67AF0EE2680C4F8005861F7 /* FriendsStoriesCollectionViewCell.swift */; };
		F68D0FCD265FA20C005431BD /* MyTableViewCell.swift in Sources */ = {isa = PBXBuildFile; fileRef = F68D0FCC265FA20C005431BD /* MyTableViewCell.swift */; };
		F6EEFEFC2657C59000ADA98F /* GradientedBackgroundView.swift in Sources */ = {isa = PBXBuildFile; fileRef = F6EEFEFB2657C59000ADA98F /* GradientedBackgroundView.swift */; };
/* End PBXBuildFile section */

/* Begin PBXFileReference section */
		F61180D92657F8A5001FF7E8 /* FriendsViewController.swift */ = {isa = PBXFileReference; lastKnownFileType = sourcecode.swift; path = FriendsViewController.swift; sourceTree = "<group>"; };
		F617148F266E462200F1930C /* FriendsTableViewCell.swift */ = {isa = PBXFileReference; lastKnownFileType = sourcecode.swift; path = FriendsTableViewCell.swift; sourceTree = "<group>"; };
		F6171493266ED6C500F1930C /* ViewRepresenation.swift */ = {isa = PBXFileReference; lastKnownFileType = sourcecode.swift; path = ViewRepresenation.swift; sourceTree = "<group>"; };
		F6234D8A266408A000F5CE0F /* Places.swift */ = {isa = PBXFileReference; lastKnownFileType = sourcecode.swift; path = Places.swift; sourceTree = "<group>"; };
		F642C6C52653B9FB00056550 /* In-Place.app */ = {isa = PBXFileReference; explicitFileType = wrapper.application; includeInIndex = 0; path = "In-Place.app"; sourceTree = BUILT_PRODUCTS_DIR; };
		F642C6C82653B9FB00056550 /* AppDelegate.swift */ = {isa = PBXFileReference; lastKnownFileType = sourcecode.swift; path = AppDelegate.swift; sourceTree = "<group>"; };
		F642C6CA2653B9FB00056550 /* SceneDelegate.swift */ = {isa = PBXFileReference; lastKnownFileType = sourcecode.swift; path = SceneDelegate.swift; sourceTree = "<group>"; };
		F642C6CC2653B9FB00056550 /* ViewController.swift */ = {isa = PBXFileReference; lastKnownFileType = sourcecode.swift; path = ViewController.swift; sourceTree = "<group>"; };
		F642C6CF2653B9FB00056550 /* Base */ = {isa = PBXFileReference; lastKnownFileType = file.storyboard; name = Base; path = Base.lproj/Main.storyboard; sourceTree = "<group>"; };
		F642C6D12653B9FF00056550 /* Assets.xcassets */ = {isa = PBXFileReference; lastKnownFileType = folder.assetcatalog; path = Assets.xcassets; sourceTree = "<group>"; };
		F642C6D42653B9FF00056550 /* Base */ = {isa = PBXFileReference; lastKnownFileType = file.storyboard; name = Base; path = Base.lproj/LaunchScreen.storyboard; sourceTree = "<group>"; };
		F642C6D62653B9FF00056550 /* Info.plist */ = {isa = PBXFileReference; lastKnownFileType = text.plist.xml; path = Info.plist; sourceTree = "<group>"; };
		F642C6DE2653DDEF00056550 /* Roboto-Thin.ttf */ = {isa = PBXFileReference; lastKnownFileType = file; path = "Roboto-Thin.ttf"; sourceTree = "<group>"; };
		F642C6DF2653DDEF00056550 /* Roboto-ThinItalic.ttf */ = {isa = PBXFileReference; lastKnownFileType = file; path = "Roboto-ThinItalic.ttf"; sourceTree = "<group>"; };
		F642C6E02653DDF000056550 /* Roboto-MediumItalic.ttf */ = {isa = PBXFileReference; lastKnownFileType = file; path = "Roboto-MediumItalic.ttf"; sourceTree = "<group>"; };
		F642C6E12653DDF000056550 /* Roboto-Black.ttf */ = {isa = PBXFileReference; lastKnownFileType = file; path = "Roboto-Black.ttf"; sourceTree = "<group>"; };
		F642C6E22653DDF000056550 /* Roboto-Regular.ttf */ = {isa = PBXFileReference; lastKnownFileType = file; path = "Roboto-Regular.ttf"; sourceTree = "<group>"; };
		F642C6E32653DDF000056550 /* Roboto-BoldItalic.ttf */ = {isa = PBXFileReference; lastKnownFileType = file; path = "Roboto-BoldItalic.ttf"; sourceTree = "<group>"; };
		F642C6E42653DDF000056550 /* Roboto-Light.ttf */ = {isa = PBXFileReference; lastKnownFileType = file; path = "Roboto-Light.ttf"; sourceTree = "<group>"; };
		F642C6E52653DDF000056550 /* Roboto-Italic.ttf */ = {isa = PBXFileReference; lastKnownFileType = file; path = "Roboto-Italic.ttf"; sourceTree = "<group>"; };
		F642C6E62653DDF100056550 /* Roboto-BlackItalic.ttf */ = {isa = PBXFileReference; lastKnownFileType = file; path = "Roboto-BlackItalic.ttf"; sourceTree = "<group>"; };
		F642C6E72653DDF100056550 /* Roboto-Bold.ttf */ = {isa = PBXFileReference; lastKnownFileType = file; path = "Roboto-Bold.ttf"; sourceTree = "<group>"; };
		F642C6E82653DDF100056550 /* Roboto-LightItalic.ttf */ = {isa = PBXFileReference; lastKnownFileType = file; path = "Roboto-LightItalic.ttf"; sourceTree = "<group>"; };
		F642C6E92653DDF100056550 /* Roboto-Medium.ttf */ = {isa = PBXFileReference; lastKnownFileType = file; path = "Roboto-Medium.ttf"; sourceTree = "<group>"; };
		F642C6FA26540C4600056550 /* SFUIText-BoldG3.otf */ = {isa = PBXFileReference; lastKnownFileType = file; path = "SFUIText-BoldG3.otf"; sourceTree = "<group>"; };
		F642C6FB26540C4700056550 /* SFUIText-Medium.otf */ = {isa = PBXFileReference; lastKnownFileType = file; path = "SFUIText-Medium.otf"; sourceTree = "<group>"; };
		F642C6FC26540C4700056550 /* SFUIText-MediumItalic.otf */ = {isa = PBXFileReference; lastKnownFileType = file; path = "SFUIText-MediumItalic.otf"; sourceTree = "<group>"; };
		F642C6FD26540C4700056550 /* SFUIText-ItalicG1.otf */ = {isa = PBXFileReference; lastKnownFileType = file; path = "SFUIText-ItalicG1.otf"; sourceTree = "<group>"; };
		F642C6FE26540C4700056550 /* SFUIText-BoldItalicG3.otf */ = {isa = PBXFileReference; lastKnownFileType = file; path = "SFUIText-BoldItalicG3.otf"; sourceTree = "<group>"; };
		F642C6FF26540C4700056550 /* SFUIText-RegularG1.otf */ = {isa = PBXFileReference; lastKnownFileType = file; path = "SFUIText-RegularG1.otf"; sourceTree = "<group>"; };
		F642C70026540C4700056550 /* SFUIText-RegularG3.otf */ = {isa = PBXFileReference; lastKnownFileType = file; path = "SFUIText-RegularG3.otf"; sourceTree = "<group>"; };
		F642C70126540C4800056550 /* SFUIText-BoldG2.otf */ = {isa = PBXFileReference; lastKnownFileType = file; path = "SFUIText-BoldG2.otf"; sourceTree = "<group>"; };
		F642C70226540C4800056550 /* SFUIText-Bold.otf */ = {isa = PBXFileReference; lastKnownFileType = file; path = "SFUIText-Bold.otf"; sourceTree = "<group>"; };
		F642C70326540C4800056550 /* SFUIText-ItalicG2.otf */ = {isa = PBXFileReference; lastKnownFileType = file; path = "SFUIText-ItalicG2.otf"; sourceTree = "<group>"; };
		F642C70426540C4800056550 /* SFUIText-LightItalic.otf */ = {isa = PBXFileReference; lastKnownFileType = file; path = "SFUIText-LightItalic.otf"; sourceTree = "<group>"; };
		F642C70526540C4800056550 /* SFUIText-ItalicG3.otf */ = {isa = PBXFileReference; lastKnownFileType = file; path = "SFUIText-ItalicG3.otf"; sourceTree = "<group>"; };
		F642C70626540C4800056550 /* SFUIText-Semibold.otf */ = {isa = PBXFileReference; lastKnownFileType = file; path = "SFUIText-Semibold.otf"; sourceTree = "<group>"; };
		F642C70726540C4800056550 /* SFUIText-Heavy.otf */ = {isa = PBXFileReference; lastKnownFileType = file; path = "SFUIText-Heavy.otf"; sourceTree = "<group>"; };
		F642C70826540C4800056550 /* SFUIText-HeavyItalic.otf */ = {isa = PBXFileReference; lastKnownFileType = file; path = "SFUIText-HeavyItalic.otf"; sourceTree = "<group>"; };
		F642C70926540C4900056550 /* SFUIText-BoldItalicG2.otf */ = {isa = PBXFileReference; lastKnownFileType = file; path = "SFUIText-BoldItalicG2.otf"; sourceTree = "<group>"; };
		F642C70A26540C4900056550 /* SFUIText-Regular.otf */ = {isa = PBXFileReference; lastKnownFileType = file; path = "SFUIText-Regular.otf"; sourceTree = "<group>"; };
		F642C70B26540C4900056550 /* SFUIText-SemiboldItalic.otf */ = {isa = PBXFileReference; lastKnownFileType = file; path = "SFUIText-SemiboldItalic.otf"; sourceTree = "<group>"; };
		F642C70C26540C4900056550 /* SFUIText-RegularG2.otf */ = {isa = PBXFileReference; lastKnownFileType = file; path = "SFUIText-RegularG2.otf"; sourceTree = "<group>"; };
		F642C70D26540C4900056550 /* SFUIText-BoldItalicG1.otf */ = {isa = PBXFileReference; lastKnownFileType = file; path = "SFUIText-BoldItalicG1.otf"; sourceTree = "<group>"; };
		F642C70E26540C4900056550 /* SFUIText-Light.otf */ = {isa = PBXFileReference; lastKnownFileType = file; path = "SFUIText-Light.otf"; sourceTree = "<group>"; };
		F642C70F26540C4900056550 /* SFUIText-Italic.otf */ = {isa = PBXFileReference; lastKnownFileType = file; path = "SFUIText-Italic.otf"; sourceTree = "<group>"; };
		F642C71026540C4A00056550 /* SFUIText-BoldG1.otf */ = {isa = PBXFileReference; lastKnownFileType = file; path = "SFUIText-BoldG1.otf"; sourceTree = "<group>"; };
		F651634926714F34009643C0 /* FriendsPost.swift */ = {isa = PBXFileReference; lastKnownFileType = sourcecode.swift; path = FriendsPost.swift; sourceTree = "<group>"; };
		F651634B26725171009643C0 /* PlaceViewController.swift */ = {isa = PBXFileReference; lastKnownFileType = sourcecode.swift; path = PlaceViewController.swift; sourceTree = "<group>"; };
		F6705CF5265C62FD007A2B50 /* ShadowView.swift */ = {isa = PBXFileReference; lastKnownFileType = sourcecode.swift; path = ShadowView.swift; sourceTree = "<group>"; };
		F6705CFC265D8CE6007A2B50 /* HomeViewController.swift */ = {isa = PBXFileReference; lastKnownFileType = sourcecode.swift; path = HomeViewController.swift; sourceTree = "<group>"; };
		F67AF0EE2680C4F8005861F7 /* FriendsStoriesCollectionViewCell.swift */ = {isa = PBXFileReference; lastKnownFileType = sourcecode.swift; path = FriendsStoriesCollectionViewCell.swift; sourceTree = "<group>"; };
		F68D0FCC265FA20C005431BD /* MyTableViewCell.swift */ = {isa = PBXFileReference; lastKnownFileType = sourcecode.swift; path = MyTableViewCell.swift; sourceTree = "<group>"; };
		F6EEFEFB2657C59000ADA98F /* GradientedBackgroundView.swift */ = {isa = PBXFileReference; lastKnownFileType = sourcecode.swift; path = GradientedBackgroundView.swift; sourceTree = "<group>"; };
/* End PBXFileReference section */

/* Begin PBXFrameworksBuildPhase section */
		F642C6C22653B9FB00056550 /* Frameworks */ = {
			isa = PBXFrameworksBuildPhase;
			buildActionMask = 2147483647;
			files = (
			);
			runOnlyForDeploymentPostprocessing = 0;
		};
/* End PBXFrameworksBuildPhase section */

/* Begin PBXGroup section */
		F617148A266E3FD300F1930C /* Supporting Files */ = {
			isa = PBXGroup;
			children = (
				F642C6D32653B9FF00056550 /* LaunchScreen.storyboard */,
				F642C6C82653B9FB00056550 /* AppDelegate.swift */,
				F642C6CA2653B9FB00056550 /* SceneDelegate.swift */,
				F642C6D62653B9FF00056550 /* Info.plist */,
			);
			name = "Supporting Files";
			sourceTree = "<group>";
		};
		F617148B266E45CC00F1930C /* View Controllers */ = {
			isa = PBXGroup;
			children = (
				F642C6CC2653B9FB00056550 /* ViewController.swift */,
				F61180D92657F8A5001FF7E8 /* FriendsViewController.swift */,
				F6705CFC265D8CE6007A2B50 /* HomeViewController.swift */,
				F651634B26725171009643C0 /* PlaceViewController.swift */,
			);
			name = "View Controllers";
			sourceTree = "<group>";
		};
		F617148C266E45E400F1930C /* Views */ = {
			isa = PBXGroup;
			children = (
				F6EEFEFB2657C59000ADA98F /* GradientedBackgroundView.swift */,
				F6705CF5265C62FD007A2B50 /* ShadowView.swift */,
			);
			path = Views;
			sourceTree = "<group>";
		};
		F617148D266E45F000F1930C /* Structures */ = {
			isa = PBXGroup;
			children = (
				F6234D8A266408A000F5CE0F /* Places.swift */,
				F651634926714F34009643C0 /* FriendsPost.swift */,
			);
			name = Structures;
			sourceTree = "<group>";
		};
		F617148E266E45FE00F1930C /* Cells */ = {
			isa = PBXGroup;
			children = (
				F68D0FCC265FA20C005431BD /* MyTableViewCell.swift */,
				F617148F266E462200F1930C /* FriendsTableViewCell.swift */,
				F6171493266ED6C500F1930C /* ViewRepresenation.swift */,
				F67AF0EE2680C4F8005861F7 /* FriendsStoriesCollectionViewCell.swift */,
			);
			path = Cells;
			sourceTree = "<group>";
		};
		F642C6BC2653B9FB00056550 = {
			isa = PBXGroup;
			children = (
				F642C6C72653B9FB00056550 /* In-Place */,
				F642C6C62653B9FB00056550 /* Products */,
			);
			sourceTree = "<group>";
		};
		F642C6C62653B9FB00056550 /* Products */ = {
			isa = PBXGroup;
			children = (
				F642C6C52653B9FB00056550 /* In-Place.app */,
			);
			name = Products;
			sourceTree = "<group>";
		};
		F642C6C72653B9FB00056550 /* In-Place */ = {
			isa = PBXGroup;
			children = (
				F617148E266E45FE00F1930C /* Cells */,
				F617148D266E45F000F1930C /* Structures */,
				F617148C266E45E400F1930C /* Views */,
				F617148B266E45CC00F1930C /* View Controllers */,
				F617148A266E3FD300F1930C /* Supporting Files */,
				F642C6DD2653DD3700056550 /* Fonts */,
				F642C6CE2653B9FB00056550 /* Main.storyboard */,
				F642C6D12653B9FF00056550 /* Assets.xcassets */,
			);
			path = "In-Place";
			sourceTree = "<group>";
		};
		F642C6DD2653DD3700056550 /* Fonts */ = {
			isa = PBXGroup;
			children = (
				F642C6F926540C2F00056550 /* SFText */,
				F642C6F72653DE7700056550 /* Roboto */,
			);
			path = Fonts;
			sourceTree = "<group>";
		};
		F642C6F72653DE7700056550 /* Roboto */ = {
			isa = PBXGroup;
			children = (
				F642C6E12653DDF000056550 /* Roboto-Black.ttf */,
				F642C6E62653DDF100056550 /* Roboto-BlackItalic.ttf */,
				F642C6E72653DDF100056550 /* Roboto-Bold.ttf */,
				F642C6E32653DDF000056550 /* Roboto-BoldItalic.ttf */,
				F642C6E52653DDF000056550 /* Roboto-Italic.ttf */,
				F642C6E42653DDF000056550 /* Roboto-Light.ttf */,
				F642C6E82653DDF100056550 /* Roboto-LightItalic.ttf */,
				F642C6E92653DDF100056550 /* Roboto-Medium.ttf */,
				F642C6E02653DDF000056550 /* Roboto-MediumItalic.ttf */,
				F642C6E22653DDF000056550 /* Roboto-Regular.ttf */,
				F642C6DE2653DDEF00056550 /* Roboto-Thin.ttf */,
				F642C6DF2653DDEF00056550 /* Roboto-ThinItalic.ttf */,
			);
			path = Roboto;
			sourceTree = "<group>";
		};
		F642C6F926540C2F00056550 /* SFText */ = {
			isa = PBXGroup;
			children = (
				F642C70226540C4800056550 /* SFUIText-Bold.otf */,
				F642C71026540C4A00056550 /* SFUIText-BoldG1.otf */,
				F642C70126540C4800056550 /* SFUIText-BoldG2.otf */,
				F642C6FA26540C4600056550 /* SFUIText-BoldG3.otf */,
				F642C70D26540C4900056550 /* SFUIText-BoldItalicG1.otf */,
				F642C70926540C4900056550 /* SFUIText-BoldItalicG2.otf */,
				F642C6FE26540C4700056550 /* SFUIText-BoldItalicG3.otf */,
				F642C70726540C4800056550 /* SFUIText-Heavy.otf */,
				F642C70826540C4800056550 /* SFUIText-HeavyItalic.otf */,
				F642C70F26540C4900056550 /* SFUIText-Italic.otf */,
				F642C6FD26540C4700056550 /* SFUIText-ItalicG1.otf */,
				F642C70326540C4800056550 /* SFUIText-ItalicG2.otf */,
				F642C70526540C4800056550 /* SFUIText-ItalicG3.otf */,
				F642C70E26540C4900056550 /* SFUIText-Light.otf */,
				F642C70426540C4800056550 /* SFUIText-LightItalic.otf */,
				F642C6FB26540C4700056550 /* SFUIText-Medium.otf */,
				F642C6FC26540C4700056550 /* SFUIText-MediumItalic.otf */,
				F642C70A26540C4900056550 /* SFUIText-Regular.otf */,
				F642C6FF26540C4700056550 /* SFUIText-RegularG1.otf */,
				F642C70C26540C4900056550 /* SFUIText-RegularG2.otf */,
				F642C70026540C4700056550 /* SFUIText-RegularG3.otf */,
				F642C70626540C4800056550 /* SFUIText-Semibold.otf */,
				F642C70B26540C4900056550 /* SFUIText-SemiboldItalic.otf */,
			);
			path = SFText;
			sourceTree = "<group>";
		};
/* End PBXGroup section */

/* Begin PBXNativeTarget section */
		F642C6C42653B9FB00056550 /* In-Place */ = {
			isa = PBXNativeTarget;
			buildConfigurationList = F642C6D92653B9FF00056550 /* Build configuration list for PBXNativeTarget "In-Place" */;
			buildPhases = (
				F642C6C12653B9FB00056550 /* Sources */,
				F642C6C22653B9FB00056550 /* Frameworks */,
				F642C6C32653B9FB00056550 /* Resources */,
			);
			buildRules = (
			);
			dependencies = (
			);
			name = "In-Place";
			productName = "In-Place";
			productReference = F642C6C52653B9FB00056550 /* In-Place.app */;
			productType = "com.apple.product-type.application";
		};
/* End PBXNativeTarget section */

/* Begin PBXProject section */
		F642C6BD2653B9FB00056550 /* Project object */ = {
			isa = PBXProject;
			attributes = {
				LastSwiftUpdateCheck = 1240;
				LastUpgradeCheck = 1240;
				TargetAttributes = {
					F642C6C42653B9FB00056550 = {
						CreatedOnToolsVersion = 12.4;
					};
				};
			};
			buildConfigurationList = F642C6C02653B9FB00056550 /* Build configuration list for PBXProject "In-Place" */;
			compatibilityVersion = "Xcode 9.3";
			developmentRegion = en;
			hasScannedForEncodings = 0;
			knownRegions = (
				en,
				Base,
			);
			mainGroup = F642C6BC2653B9FB00056550;
			productRefGroup = F642C6C62653B9FB00056550 /* Products */;
			projectDirPath = "";
			projectRoot = "";
			targets = (
				F642C6C42653B9FB00056550 /* In-Place */,
			);
		};
/* End PBXProject section */

/* Begin PBXResourcesBuildPhase section */
		F642C6C32653B9FB00056550 /* Resources */ = {
			isa = PBXResourcesBuildPhase;
			buildActionMask = 2147483647;
			files = (
				F642C72426540C4A00056550 /* SFUIText-BoldItalicG1.otf in Resources */,
				F642C72226540C4A00056550 /* SFUIText-SemiboldItalic.otf in Resources */,
				F642C71D26540C4A00056550 /* SFUIText-Semibold.otf in Resources */,
				F642C71A26540C4A00056550 /* SFUIText-ItalicG2.otf in Resources */,
				F642C71426540C4A00056550 /* SFUIText-ItalicG1.otf in Resources */,
				F642C71326540C4A00056550 /* SFUIText-MediumItalic.otf in Resources */,
				F642C71926540C4A00056550 /* SFUIText-Bold.otf in Resources */,
				F642C6EF2653DDF200056550 /* Roboto-BoldItalic.ttf in Resources */,
				F642C72326540C4A00056550 /* SFUIText-RegularG2.otf in Resources */,
				F642C72126540C4A00056550 /* SFUIText-Regular.otf in Resources */,
				F642C6F32653DDF200056550 /* Roboto-Bold.ttf in Resources */,
				F642C72026540C4A00056550 /* SFUIText-BoldItalicG2.otf in Resources */,
				F642C6F42653DDF200056550 /* Roboto-LightItalic.ttf in Resources */,
				F642C71826540C4A00056550 /* SFUIText-BoldG2.otf in Resources */,
				F642C6EB2653DDF100056550 /* Roboto-ThinItalic.ttf in Resources */,
				F642C72626540C4A00056550 /* SFUIText-Italic.otf in Resources */,
				F642C71726540C4A00056550 /* SFUIText-RegularG3.otf in Resources */,
				F642C71526540C4A00056550 /* SFUIText-BoldItalicG3.otf in Resources */,
				F642C6F02653DDF200056550 /* Roboto-Light.ttf in Resources */,
				F642C6F52653DDF200056550 /* Roboto-Medium.ttf in Resources */,
				F642C6EA2653DDF100056550 /* Roboto-Thin.ttf in Resources */,
				F642C6EE2653DDF100056550 /* Roboto-Regular.ttf in Resources */,
				F642C71226540C4A00056550 /* SFUIText-Medium.otf in Resources */,
				F642C71F26540C4A00056550 /* SFUIText-HeavyItalic.otf in Resources */,
				F642C6D52653B9FF00056550 /* LaunchScreen.storyboard in Resources */,
				F642C6D22653B9FF00056550 /* Assets.xcassets in Resources */,
				F642C72726540C4A00056550 /* SFUIText-BoldG1.otf in Resources */,
				F642C71B26540C4A00056550 /* SFUIText-LightItalic.otf in Resources */,
				F642C71C26540C4A00056550 /* SFUIText-ItalicG3.otf in Resources */,
				F642C6F22653DDF200056550 /* Roboto-BlackItalic.ttf in Resources */,
				F642C6ED2653DDF100056550 /* Roboto-Black.ttf in Resources */,
				F642C6EC2653DDF100056550 /* Roboto-MediumItalic.ttf in Resources */,
				F642C72526540C4A00056550 /* SFUIText-Light.otf in Resources */,
				F642C6F12653DDF200056550 /* Roboto-Italic.ttf in Resources */,
				F642C71626540C4A00056550 /* SFUIText-RegularG1.otf in Resources */,
				F642C71126540C4A00056550 /* SFUIText-BoldG3.otf in Resources */,
				F642C71E26540C4A00056550 /* SFUIText-Heavy.otf in Resources */,
				F642C6D02653B9FB00056550 /* Main.storyboard in Resources */,
			);
			runOnlyForDeploymentPostprocessing = 0;
		};
/* End PBXResourcesBuildPhase section */

/* Begin PBXSourcesBuildPhase section */
		F642C6C12653B9FB00056550 /* Sources */ = {
			isa = PBXSourcesBuildPhase;
			buildActionMask = 2147483647;
			files = (
				F6171494266ED6C500F1930C /* ViewRepresenation.swift in Sources */,
				F6705CF6265C62FD007A2B50 /* ShadowView.swift in Sources */,
				F68D0FCD265FA20C005431BD /* MyTableViewCell.swift in Sources */,
				F6EEFEFC2657C59000ADA98F /* GradientedBackgroundView.swift in Sources */,
				F6171490266E462200F1930C /* FriendsTableViewCell.swift in Sources */,
				F642C6CD2653B9FB00056550 /* ViewController.swift in Sources */,
				F67AF0EF2680C4F8005861F7 /* FriendsStoriesCollectionViewCell.swift in Sources */,
				F642C6C92653B9FB00056550 /* AppDelegate.swift in Sources */,
				F642C6CB2653B9FB00056550 /* SceneDelegate.swift in Sources */,
				F651634C26725171009643C0 /* PlaceViewController.swift in Sources */,
				F6705CFD265D8CE6007A2B50 /* HomeViewController.swift in Sources */,
				F61180DA2657F8A5001FF7E8 /* FriendsViewController.swift in Sources */,
				F6234D8B266408A000F5CE0F /* Places.swift in Sources */,
				F651634A26714F34009643C0 /* FriendsPost.swift in Sources */,
			);
			runOnlyForDeploymentPostprocessing = 0;
		};
/* End PBXSourcesBuildPhase section */

/* Begin PBXVariantGroup section */
		F642C6CE2653B9FB00056550 /* Main.storyboard */ = {
			isa = PBXVariantGroup;
			children = (
				F642C6CF2653B9FB00056550 /* Base */,
			);
			name = Main.storyboard;
			sourceTree = "<group>";
		};
		F642C6D32653B9FF00056550 /* LaunchScreen.storyboard */ = {
			isa = PBXVariantGroup;
			children = (
				F642C6D42653B9FF00056550 /* Base */,
			);
			name = LaunchScreen.storyboard;
			sourceTree = "<group>";
		};
/* End PBXVariantGroup section */

/* Begin XCBuildConfiguration section */
		F642C6D72653B9FF00056550 /* Debug */ = {
			isa = XCBuildConfiguration;
			buildSettings = {
				ALWAYS_SEARCH_USER_PATHS = NO;
				CLANG_ANALYZER_NONNULL = YES;
				CLANG_ANALYZER_NUMBER_OBJECT_CONVERSION = YES_AGGRESSIVE;
				CLANG_CXX_LANGUAGE_STANDARD = "gnu++14";
				CLANG_CXX_LIBRARY = "libc++";
				CLANG_ENABLE_MODULES = YES;
				CLANG_ENABLE_OBJC_ARC = YES;
				CLANG_ENABLE_OBJC_WEAK = YES;
				CLANG_WARN_BLOCK_CAPTURE_AUTORELEASING = YES;
				CLANG_WARN_BOOL_CONVERSION = YES;
				CLANG_WARN_COMMA = YES;
				CLANG_WARN_CONSTANT_CONVERSION = YES;
				CLANG_WARN_DEPRECATED_OBJC_IMPLEMENTATIONS = YES;
				CLANG_WARN_DIRECT_OBJC_ISA_USAGE = YES_ERROR;
				CLANG_WARN_DOCUMENTATION_COMMENTS = YES;
				CLANG_WARN_EMPTY_BODY = YES;
				CLANG_WARN_ENUM_CONVERSION = YES;
				CLANG_WARN_INFINITE_RECURSION = YES;
				CLANG_WARN_INT_CONVERSION = YES;
				CLANG_WARN_NON_LITERAL_NULL_CONVERSION = YES;
				CLANG_WARN_OBJC_IMPLICIT_RETAIN_SELF = YES;
				CLANG_WARN_OBJC_LITERAL_CONVERSION = YES;
				CLANG_WARN_OBJC_ROOT_CLASS = YES_ERROR;
				CLANG_WARN_QUOTED_INCLUDE_IN_FRAMEWORK_HEADER = YES;
				CLANG_WARN_RANGE_LOOP_ANALYSIS = YES;
				CLANG_WARN_STRICT_PROTOTYPES = YES;
				CLANG_WARN_SUSPICIOUS_MOVE = YES;
				CLANG_WARN_UNGUARDED_AVAILABILITY = YES_AGGRESSIVE;
				CLANG_WARN_UNREACHABLE_CODE = YES;
				CLANG_WARN__DUPLICATE_METHOD_MATCH = YES;
				COPY_PHASE_STRIP = NO;
				DEBUG_INFORMATION_FORMAT = dwarf;
				ENABLE_STRICT_OBJC_MSGSEND = YES;
				ENABLE_TESTABILITY = YES;
				GCC_C_LANGUAGE_STANDARD = gnu11;
				GCC_DYNAMIC_NO_PIC = NO;
				GCC_NO_COMMON_BLOCKS = YES;
				GCC_OPTIMIZATION_LEVEL = 0;
				GCC_PREPROCESSOR_DEFINITIONS = (
					"DEBUG=1",
					"$(inherited)",
				);
				GCC_WARN_64_TO_32_BIT_CONVERSION = YES;
				GCC_WARN_ABOUT_RETURN_TYPE = YES_ERROR;
				GCC_WARN_UNDECLARED_SELECTOR = YES;
				GCC_WARN_UNINITIALIZED_AUTOS = YES_AGGRESSIVE;
				GCC_WARN_UNUSED_FUNCTION = YES;
				GCC_WARN_UNUSED_VARIABLE = YES;
				IPHONEOS_DEPLOYMENT_TARGET = 14.4;
				MTL_ENABLE_DEBUG_INFO = INCLUDE_SOURCE;
				MTL_FAST_MATH = YES;
				ONLY_ACTIVE_ARCH = YES;
				SDKROOT = iphoneos;
				SWIFT_ACTIVE_COMPILATION_CONDITIONS = DEBUG;
				SWIFT_OPTIMIZATION_LEVEL = "-Onone";
			};
			name = Debug;
		};
		F642C6D82653B9FF00056550 /* Release */ = {
			isa = XCBuildConfiguration;
			buildSettings = {
				ALWAYS_SEARCH_USER_PATHS = NO;
				CLANG_ANALYZER_NONNULL = YES;
				CLANG_ANALYZER_NUMBER_OBJECT_CONVERSION = YES_AGGRESSIVE;
				CLANG_CXX_LANGUAGE_STANDARD = "gnu++14";
				CLANG_CXX_LIBRARY = "libc++";
				CLANG_ENABLE_MODULES = YES;
				CLANG_ENABLE_OBJC_ARC = YES;
				CLANG_ENABLE_OBJC_WEAK = YES;
				CLANG_WARN_BLOCK_CAPTURE_AUTORELEASING = YES;
				CLANG_WARN_BOOL_CONVERSION = YES;
				CLANG_WARN_COMMA = YES;
				CLANG_WARN_CONSTANT_CONVERSION = YES;
				CLANG_WARN_DEPRECATED_OBJC_IMPLEMENTATIONS = YES;
				CLANG_WARN_DIRECT_OBJC_ISA_USAGE = YES_ERROR;
				CLANG_WARN_DOCUMENTATION_COMMENTS = YES;
				CLANG_WARN_EMPTY_BODY = YES;
				CLANG_WARN_ENUM_CONVERSION = YES;
				CLANG_WARN_INFINITE_RECURSION = YES;
				CLANG_WARN_INT_CONVERSION = YES;
				CLANG_WARN_NON_LITERAL_NULL_CONVERSION = YES;
				CLANG_WARN_OBJC_IMPLICIT_RETAIN_SELF = YES;
				CLANG_WARN_OBJC_LITERAL_CONVERSION = YES;
				CLANG_WARN_OBJC_ROOT_CLASS = YES_ERROR;
				CLANG_WARN_QUOTED_INCLUDE_IN_FRAMEWORK_HEADER = YES;
				CLANG_WARN_RANGE_LOOP_ANALYSIS = YES;
				CLANG_WARN_STRICT_PROTOTYPES = YES;
				CLANG_WARN_SUSPICIOUS_MOVE = YES;
				CLANG_WARN_UNGUARDED_AVAILABILITY = YES_AGGRESSIVE;
				CLANG_WARN_UNREACHABLE_CODE = YES;
				CLANG_WARN__DUPLICATE_METHOD_MATCH = YES;
				COPY_PHASE_STRIP = NO;
				DEBUG_INFORMATION_FORMAT = "dwarf-with-dsym";
				ENABLE_NS_ASSERTIONS = NO;
				ENABLE_STRICT_OBJC_MSGSEND = YES;
				GCC_C_LANGUAGE_STANDARD = gnu11;
				GCC_NO_COMMON_BLOCKS = YES;
				GCC_WARN_64_TO_32_BIT_CONVERSION = YES;
				GCC_WARN_ABOUT_RETURN_TYPE = YES_ERROR;
				GCC_WARN_UNDECLARED_SELECTOR = YES;
				GCC_WARN_UNINITIALIZED_AUTOS = YES_AGGRESSIVE;
				GCC_WARN_UNUSED_FUNCTION = YES;
				GCC_WARN_UNUSED_VARIABLE = YES;
				IPHONEOS_DEPLOYMENT_TARGET = 14.4;
				MTL_ENABLE_DEBUG_INFO = NO;
				MTL_FAST_MATH = YES;
				SDKROOT = iphoneos;
				SWIFT_COMPILATION_MODE = wholemodule;
				SWIFT_OPTIMIZATION_LEVEL = "-O";
				VALIDATE_PRODUCT = YES;
			};
			name = Release;
		};
		F642C6DA2653B9FF00056550 /* Debug */ = {
			isa = XCBuildConfiguration;
			buildSettings = {
				ASSETCATALOG_COMPILER_APPICON_NAME = AppIcon;
				ASSETCATALOG_COMPILER_GLOBAL_ACCENT_COLOR_NAME = AccentColor;
				CODE_SIGN_STYLE = Automatic;
				DEVELOPMENT_TEAM = 25X7KNS89A;
				INFOPLIST_FILE = "In-Place/Info.plist";
				LD_RUNPATH_SEARCH_PATHS = (
					"$(inherited)",
					"@executable_path/Frameworks",
				);
				PRODUCT_BUNDLE_IDENTIFIER = "com.ivankaramazov.In-Place";
				PRODUCT_NAME = "$(TARGET_NAME)";
				SWIFT_VERSION = 5.0;
				TARGETED_DEVICE_FAMILY = "1,2";
			};
			name = Debug;
		};
		F642C6DB2653B9FF00056550 /* Release */ = {
			isa = XCBuildConfiguration;
			buildSettings = {
				ASSETCATALOG_COMPILER_APPICON_NAME = AppIcon;
				ASSETCATALOG_COMPILER_GLOBAL_ACCENT_COLOR_NAME = AccentColor;
				CODE_SIGN_STYLE = Automatic;
				DEVELOPMENT_TEAM = 25X7KNS89A;
				INFOPLIST_FILE = "In-Place/Info.plist";
				LD_RUNPATH_SEARCH_PATHS = (
					"$(inherited)",
					"@executable_path/Frameworks",
				);
				PRODUCT_BUNDLE_IDENTIFIER = "com.ivankaramazov.In-Place";
				PRODUCT_NAME = "$(TARGET_NAME)";
				SWIFT_VERSION = 5.0;
				TARGETED_DEVICE_FAMILY = "1,2";
			};
			name = Release;
		};
/* End XCBuildConfiguration section */

/* Begin XCConfigurationList section */
		F642C6C02653B9FB00056550 /* Build configuration list for PBXProject "In-Place" */ = {
			isa = XCConfigurationList;
			buildConfigurations = (
				F642C6D72653B9FF00056550 /* Debug */,
				F642C6D82653B9FF00056550 /* Release */,
			);
			defaultConfigurationIsVisible = 0;
			defaultConfigurationName = Release;
		};
		F642C6D92653B9FF00056550 /* Build configuration list for PBXNativeTarget "In-Place" */ = {
			isa = XCConfigurationList;
			buildConfigurations = (
				F642C6DA2653B9FF00056550 /* Debug */,
				F642C6DB2653B9FF00056550 /* Release */,
			);
			defaultConfigurationIsVisible = 0;
			defaultConfigurationName = Release;
		};
/* End XCConfigurationList section */
	};
	rootObject = F642C6BD2653B9FB00056550 /* Project object */;
}
